// !$*UTF8*$!
{
	archiveVersion = 1;
	classes = {
	};
	objectVersion = 46;
	objects = {

/* Begin PBXBuildFile section */
		9399A1AE19E5F4FB00DB1E13 /* Foundation.framework in Frameworks */ = {isa = PBXBuildFile; fileRef = 9399A1AD19E5F4FB00DB1E13 /* Foundation.framework */; };
		9399A1B019E5F4FB00DB1E13 /* CoreGraphics.framework in Frameworks */ = {isa = PBXBuildFile; fileRef = 9399A1AF19E5F4FB00DB1E13 /* CoreGraphics.framework */; };
		9399A1B219E5F4FB00DB1E13 /* UIKit.framework in Frameworks */ = {isa = PBXBuildFile; fileRef = 9399A1B119E5F4FB00DB1E13 /* UIKit.framework */; };
		9399A1B819E5F4FB00DB1E13 /* InfoPlist.strings in Resources */ = {isa = PBXBuildFile; fileRef = 9399A1B619E5F4FB00DB1E13 /* InfoPlist.strings */; };
		9399A1BA19E5F4FB00DB1E13 /* main.m in Sources */ = {isa = PBXBuildFile; fileRef = 9399A1B919E5F4FB00DB1E13 /* main.m */; };
		9399A1BE19E5F4FB00DB1E13 /* AppDelegate.m in Sources */ = {isa = PBXBuildFile; fileRef = 9399A1BD19E5F4FB00DB1E13 /* AppDelegate.m */; };
		9399A1C019E5F4FB00DB1E13 /* Images.xcassets in Resources */ = {isa = PBXBuildFile; fileRef = 9399A1BF19E5F4FB00DB1E13 /* Images.xcassets */; };
		9399A1C719E5F4FB00DB1E13 /* XCTest.framework in Frameworks */ = {isa = PBXBuildFile; fileRef = 9399A1C619E5F4FB00DB1E13 /* XCTest.framework */; };
		9399A1C819E5F4FB00DB1E13 /* Foundation.framework in Frameworks */ = {isa = PBXBuildFile; fileRef = 9399A1AD19E5F4FB00DB1E13 /* Foundation.framework */; };
		9399A1C919E5F4FB00DB1E13 /* UIKit.framework in Frameworks */ = {isa = PBXBuildFile; fileRef = 9399A1B119E5F4FB00DB1E13 /* UIKit.framework */; };
		9399A1D119E5F4FB00DB1E13 /* InfoPlist.strings in Resources */ = {isa = PBXBuildFile; fileRef = 9399A1CF19E5F4FB00DB1E13 /* InfoPlist.strings */; };
		9399A1D319E5F4FB00DB1E13 /* FELeaderboardTests.m in Sources */ = {isa = PBXBuildFile; fileRef = 9399A1D219E5F4FB00DB1E13 /* FELeaderboardTests.m */; };
		9399A1DE19E8F04900DB1E13 /* LeaderboardViewController.m in Sources */ = {isa = PBXBuildFile; fileRef = 9399A1DD19E8F04900DB1E13 /* LeaderboardViewController.m */; };
		9399A1E419EE08E100DB1E13 /* LeaderBoardCell.m in Sources */ = {isa = PBXBuildFile; fileRef = 9399A1E319EE08E100DB1E13 /* LeaderBoardCell.m */; };
/* End PBXBuildFile section */

/* Begin PBXContainerItemProxy section */
		9399A1CA19E5F4FB00DB1E13 /* PBXContainerItemProxy */ = {
			isa = PBXContainerItemProxy;
			containerPortal = 9399A1A219E5F4FB00DB1E13 /* Project object */;
			proxyType = 1;
			remoteGlobalIDString = 9399A1A919E5F4FB00DB1E13;
			remoteInfo = FELeaderboard;
		};
/* End PBXContainerItemProxy section */

/* Begin PBXFileReference section */
		9399A1AA19E5F4FB00DB1E13 /* FELeaderboard.app */ = {isa = PBXFileReference; explicitFileType = wrapper.application; includeInIndex = 0; path = FELeaderboard.app; sourceTree = BUILT_PRODUCTS_DIR; };
		9399A1AD19E5F4FB00DB1E13 /* Foundation.framework */ = {isa = PBXFileReference; lastKnownFileType = wrapper.framework; name = Foundation.framework; path = System/Library/Frameworks/Foundation.framework; sourceTree = SDKROOT; };
		9399A1AF19E5F4FB00DB1E13 /* CoreGraphics.framework */ = {isa = PBXFileReference; lastKnownFileType = wrapper.framework; name = CoreGraphics.framework; path = System/Library/Frameworks/CoreGraphics.framework; sourceTree = SDKROOT; };
		9399A1B119E5F4FB00DB1E13 /* UIKit.framework */ = {isa = PBXFileReference; lastKnownFileType = wrapper.framework; name = UIKit.framework; path = System/Library/Frameworks/UIKit.framework; sourceTree = SDKROOT; };
		9399A1B519E5F4FB00DB1E13 /* FELeaderboard-Info.plist */ = {isa = PBXFileReference; lastKnownFileType = text.plist.xml; path = "FELeaderboard-Info.plist"; sourceTree = "<group>"; };
		9399A1B719E5F4FB00DB1E13 /* en */ = {isa = PBXFileReference; lastKnownFileType = text.plist.strings; name = en; path = en.lproj/InfoPlist.strings; sourceTree = "<group>"; };
		9399A1B919E5F4FB00DB1E13 /* main.m */ = {isa = PBXFileReference; lastKnownFileType = sourcecode.c.objc; path = main.m; sourceTree = "<group>"; };
		9399A1BB19E5F4FB00DB1E13 /* FELeaderboard-Prefix.pch */ = {isa = PBXFileReference; lastKnownFileType = sourcecode.c.h; path = "FELeaderboard-Prefix.pch"; sourceTree = "<group>"; };
		9399A1BC19E5F4FB00DB1E13 /* AppDelegate.h */ = {isa = PBXFileReference; lastKnownFileType = sourcecode.c.h; path = AppDelegate.h; sourceTree = "<group>"; };
		9399A1BD19E5F4FB00DB1E13 /* AppDelegate.m */ = {isa = PBXFileReference; lastKnownFileType = sourcecode.c.objc; path = AppDelegate.m; sourceTree = "<group>"; };
		9399A1BF19E5F4FB00DB1E13 /* Images.xcassets */ = {isa = PBXFileReference; lastKnownFileType = folder.assetcatalog; path = Images.xcassets; sourceTree = "<group>"; };
		9399A1C519E5F4FB00DB1E13 /* FELeaderboardTests.xctest */ = {isa = PBXFileReference; explicitFileType = wrapper.cfbundle; includeInIndex = 0; path = FELeaderboardTests.xctest; sourceTree = BUILT_PRODUCTS_DIR; };
		9399A1C619E5F4FB00DB1E13 /* XCTest.framework */ = {isa = PBXFileReference; lastKnownFileType = wrapper.framework; name = XCTest.framework; path = Library/Frameworks/XCTest.framework; sourceTree = DEVELOPER_DIR; };
		9399A1CE19E5F4FB00DB1E13 /* FELeaderboardTests-Info.plist */ = {isa = PBXFileReference; lastKnownFileType = text.plist.xml; path = "FELeaderboardTests-Info.plist"; sourceTree = "<group>"; };
		9399A1D019E5F4FB00DB1E13 /* en */ = {isa = PBXFileReference; lastKnownFileType = text.plist.strings; name = en; path = en.lproj/InfoPlist.strings; sourceTree = "<group>"; };
		9399A1D219E5F4FB00DB1E13 /* FELeaderboardTests.m */ = {isa = PBXFileReference; lastKnownFileType = sourcecode.c.objc; path = FELeaderboardTests.m; sourceTree = "<group>"; };
		9399A1DC19E8F04900DB1E13 /* LeaderboardViewController.h */ = {isa = PBXFileReference; fileEncoding = 4; lastKnownFileType = sourcecode.c.h; path = LeaderboardViewController.h; sourceTree = "<group>"; };
		9399A1DD19E8F04900DB1E13 /* LeaderboardViewController.m */ = {isa = PBXFileReference; fileEncoding = 4; lastKnownFileType = sourcecode.c.objc; path = LeaderboardViewController.m; sourceTree = "<group>"; };
		9399A1E219EE08E100DB1E13 /* LeaderBoardCell.h */ = {isa = PBXFileReference; fileEncoding = 4; lastKnownFileType = sourcecode.c.h; path = LeaderBoardCell.h; sourceTree = "<group>"; };
		9399A1E319EE08E100DB1E13 /* LeaderBoardCell.m */ = {isa = PBXFileReference; fileEncoding = 4; lastKnownFileType = sourcecode.c.objc; path = LeaderBoardCell.m; sourceTree = "<group>"; };
/* End PBXFileReference section */

/* Begin PBXFrameworksBuildPhase section */
		9399A1A719E5F4FB00DB1E13 /* Frameworks */ = {
			isa = PBXFrameworksBuildPhase;
			buildActionMask = 2147483647;
			files = (
				9399A1B019E5F4FB00DB1E13 /* CoreGraphics.framework in Frameworks */,
				9399A1B219E5F4FB00DB1E13 /* UIKit.framework in Frameworks */,
				9399A1AE19E5F4FB00DB1E13 /* Foundation.framework in Frameworks */,
			);
			runOnlyForDeploymentPostprocessing = 0;
		};
		9399A1C219E5F4FB00DB1E13 /* Frameworks */ = {
			isa = PBXFrameworksBuildPhase;
			buildActionMask = 2147483647;
			files = (
				9399A1C719E5F4FB00DB1E13 /* XCTest.framework in Frameworks */,
				9399A1C919E5F4FB00DB1E13 /* UIKit.framework in Frameworks */,
				9399A1C819E5F4FB00DB1E13 /* Foundation.framework in Frameworks */,
			);
			runOnlyForDeploymentPostprocessing = 0;
		};
/* End PBXFrameworksBuildPhase section */

/* Begin PBXGroup section */
		9399A1A119E5F4FB00DB1E13 = {
			isa = PBXGroup;
			children = (
				9399A1B319E5F4FB00DB1E13 /* FELeaderboard */,
				9399A1CC19E5F4FB00DB1E13 /* FELeaderboardTests */,
				9399A1AC19E5F4FB00DB1E13 /* Frameworks */,
				9399A1AB19E5F4FB00DB1E13 /* Products */,
			);
			sourceTree = "<group>";
		};
		9399A1AB19E5F4FB00DB1E13 /* Products */ = {
			isa = PBXGroup;
			children = (
				9399A1AA19E5F4FB00DB1E13 /* FELeaderboard.app */,
				9399A1C519E5F4FB00DB1E13 /* FELeaderboardTests.xctest */,
			);
			name = Products;
			sourceTree = "<group>";
		};
		9399A1AC19E5F4FB00DB1E13 /* Frameworks */ = {
			isa = PBXGroup;
			children = (
				9399A1AD19E5F4FB00DB1E13 /* Foundation.framework */,
				9399A1AF19E5F4FB00DB1E13 /* CoreGraphics.framework */,
				9399A1B119E5F4FB00DB1E13 /* UIKit.framework */,
				9399A1C619E5F4FB00DB1E13 /* XCTest.framework */,
			);
			name = Frameworks;
			sourceTree = "<group>";
		};
		9399A1B319E5F4FB00DB1E13 /* FELeaderboard */ = {
			isa = PBXGroup;
			children = (
				9399A1BC19E5F4FB00DB1E13 /* AppDelegate.h */,
				9399A1BD19E5F4FB00DB1E13 /* AppDelegate.m */,
				9399A1BF19E5F4FB00DB1E13 /* Images.xcassets */,
				9399A1B419E5F4FB00DB1E13 /* Supporting Files */,
				9399A1DC19E8F04900DB1E13 /* LeaderboardViewController.h */,
				9399A1DD19E8F04900DB1E13 /* LeaderboardViewController.m */,
				9399A1E219EE08E100DB1E13 /* LeaderBoardCell.h */,
				9399A1E319EE08E100DB1E13 /* LeaderBoardCell.m */,
			);
			path = FELeaderboard;
			sourceTree = "<group>";
		};
		9399A1B419E5F4FB00DB1E13 /* Supporting Files */ = {
			isa = PBXGroup;
			children = (
				9399A1B519E5F4FB00DB1E13 /* FELeaderboard-Info.plist */,
				9399A1B619E5F4FB00DB1E13 /* InfoPlist.strings */,
				9399A1B919E5F4FB00DB1E13 /* main.m */,
				9399A1BB19E5F4FB00DB1E13 /* FELeaderboard-Prefix.pch */,
			);
			name = "Supporting Files";
			sourceTree = "<group>";
		};
		9399A1CC19E5F4FB00DB1E13 /* FELeaderboardTests */ = {
			isa = PBXGroup;
			children = (
				9399A1D219E5F4FB00DB1E13 /* FELeaderboardTests.m */,
				9399A1CD19E5F4FB00DB1E13 /* Supporting Files */,
			);
			path = FELeaderboardTests;
			sourceTree = "<group>";
		};
		9399A1CD19E5F4FB00DB1E13 /* Supporting Files */ = {
			isa = PBXGroup;
			children = (
				9399A1CE19E5F4FB00DB1E13 /* FELeaderboardTests-Info.plist */,
				9399A1CF19E5F4FB00DB1E13 /* InfoPlist.strings */,
			);
			name = "Supporting Files";
			sourceTree = "<group>";
		};
/* End PBXGroup section */

/* Begin PBXNativeTarget section */
		9399A1A919E5F4FB00DB1E13 /* FELeaderboard */ = {
			isa = PBXNativeTarget;
			buildConfigurationList = 9399A1D619E5F4FB00DB1E13 /* Build configuration list for PBXNativeTarget "FELeaderboard" */;
			buildPhases = (
				9399A1A619E5F4FB00DB1E13 /* Sources */,
				9399A1A719E5F4FB00DB1E13 /* Frameworks */,
				9399A1A819E5F4FB00DB1E13 /* Resources */,
			);
			buildRules = (
			);
			dependencies = (
			);
			name = FELeaderboard;
			productName = FELeaderboard;
			productReference = 9399A1AA19E5F4FB00DB1E13 /* FELeaderboard.app */;
			productType = "com.apple.product-type.application";
		};
		9399A1C419E5F4FB00DB1E13 /* FELeaderboardTests */ = {
			isa = PBXNativeTarget;
			buildConfigurationList = 9399A1D919E5F4FB00DB1E13 /* Build configuration list for PBXNativeTarget "FELeaderboardTests" */;
			buildPhases = (
				9399A1C119E5F4FB00DB1E13 /* Sources */,
				9399A1C219E5F4FB00DB1E13 /* Frameworks */,
				9399A1C319E5F4FB00DB1E13 /* Resources */,
			);
			buildRules = (
			);
			dependencies = (
				9399A1CB19E5F4FB00DB1E13 /* PBXTargetDependency */,
			);
			name = FELeaderboardTests;
			productName = FELeaderboardTests;
			productReference = 9399A1C519E5F4FB00DB1E13 /* FELeaderboardTests.xctest */;
			productType = "com.apple.product-type.bundle.unit-test";
		};
/* End PBXNativeTarget section */

/* Begin PBXProject section */
		9399A1A219E5F4FB00DB1E13 /* Project object */ = {
			isa = PBXProject;
			attributes = {
				LastUpgradeCheck = 0510;
				ORGANIZATIONNAME = "___FULLUSERNAME___";
				TargetAttributes = {
					9399A1C419E5F4FB00DB1E13 = {
						TestTargetID = 9399A1A919E5F4FB00DB1E13;
					};
				};
			};
			buildConfigurationList = 9399A1A519E5F4FB00DB1E13 /* Build configuration list for PBXProject "FELeaderboard" */;
			compatibilityVersion = "Xcode 3.2";
			developmentRegion = English;
			hasScannedForEncodings = 0;
			knownRegions = (
				en,
			);
			mainGroup = 9399A1A119E5F4FB00DB1E13;
			productRefGroup = 9399A1AB19E5F4FB00DB1E13 /* Products */;
			projectDirPath = "";
			projectRoot = "";
			targets = (
				9399A1A919E5F4FB00DB1E13 /* FELeaderboard */,
				9399A1C419E5F4FB00DB1E13 /* FELeaderboardTests */,
			);
		};
/* End PBXProject section */

/* Begin PBXResourcesBuildPhase section */
		9399A1A819E5F4FB00DB1E13 /* Resources */ = {
			isa = PBXResourcesBuildPhase;
			buildActionMask = 2147483647;
			files = (
				9399A1B819E5F4FB00DB1E13 /* InfoPlist.strings in Resources */,
				9399A1C019E5F4FB00DB1E13 /* Images.xcassets in Resources */,
			);
			runOnlyForDeploymentPostprocessing = 0;
		};
		9399A1C319E5F4FB00DB1E13 /* Resources */ = {
			isa = PBXResourcesBuildPhase;
			buildActionMask = 2147483647;
			files = (
				9399A1D119E5F4FB00DB1E13 /* InfoPlist.strings in Resources */,
			);
			runOnlyForDeploymentPostprocessing = 0;
		};
/* End PBXResourcesBuildPhase section */

/* Begin PBXSourcesBuildPhase section */
		9399A1A619E5F4FB00DB1E13 /* Sources */ = {
			isa = PBXSourcesBuildPhase;
			buildActionMask = 2147483647;
			files = (
				9399A1DE19E8F04900DB1E13 /* LeaderboardViewController.m in Sources */,
				9399A1BE19E5F4FB00DB1E13 /* AppDelegate.m in Sources */,
				9399A1BA19E5F4FB00DB1E13 /* main.m in Sources */,
				9399A1E419EE08E100DB1E13 /* LeaderBoardCell.m in Sources */,
			);
			runOnlyForDeploymentPostprocessing = 0;
		};
		9399A1C119E5F4FB00DB1E13 /* Sources */ = {
			isa = PBXSourcesBuildPhase;
			buildActionMask = 2147483647;
			files = (
				9399A1D319E5F4FB00DB1E13 /* FELeaderboardTests.m in Sources */,
			);
			runOnlyForDeploymentPostprocessing = 0;
		};
/* End PBXSourcesBuildPhase section */

/* Begin PBXTargetDependency section */
		9399A1CB19E5F4FB00DB1E13 /* PBXTargetDependency */ = {
			isa = PBXTargetDependency;
			target = 9399A1A919E5F4FB00DB1E13 /* FELeaderboard */;
			targetProxy = 9399A1CA19E5F4FB00DB1E13 /* PBXContainerItemProxy */;
		};
/* End PBXTargetDependency section */

/* Begin PBXVariantGroup section */
		9399A1B619E5F4FB00DB1E13 /* InfoPlist.strings */ = {
			isa = PBXVariantGroup;
			children = (
				9399A1B719E5F4FB00DB1E13 /* en */,
			);
			name = InfoPlist.strings;
			sourceTree = "<group>";
		};
		9399A1CF19E5F4FB00DB1E13 /* InfoPlist.strings */ = {
			isa = PBXVariantGroup;
			children = (
				9399A1D019E5F4FB00DB1E13 /* en */,
			);
			name = InfoPlist.strings;
			sourceTree = "<group>";
		};
/* End PBXVariantGroup section */

/* Begin XCBuildConfiguration section */
		9399A1D419E5F4FB00DB1E13 /* Debug */ = {
			isa = XCBuildConfiguration;
			buildSettings = {
				ALWAYS_SEARCH_USER_PATHS = NO;
				CLANG_CXX_LANGUAGE_STANDARD = "gnu++0x";
				CLANG_CXX_LIBRARY = "libc++";
				CLANG_ENABLE_MODULES = YES;
				CLANG_ENABLE_OBJC_ARC = YES;
				CLANG_WARN_BOOL_CONVERSION = YES;
				CLANG_WARN_CONSTANT_CONVERSION = YES;
				CLANG_WARN_DIRECT_OBJC_ISA_USAGE = YES_ERROR;
				CLANG_WARN_EMPTY_BODY = YES;
				CLANG_WARN_ENUM_CONVERSION = YES;
				CLANG_WARN_INT_CONVERSION = YES;
				CLANG_WARN_OBJC_ROOT_CLASS = YES_ERROR;
				CLANG_WARN__DUPLICATE_METHOD_MATCH = YES;
				"CODE_SIGN_IDENTITY[sdk=iphoneos*]" = "iPhone Developer";
				COPY_PHASE_STRIP = NO;
				GCC_C_LANGUAGE_STANDARD = gnu99;
				GCC_DYNAMIC_NO_PIC = NO;
				GCC_OPTIMIZATION_LEVEL = 0;
				GCC_PREPROCESSOR_DEFINITIONS = (
					"DEBUG=1",
					"$(inherited)",
				);
				GCC_SYMBOLS_PRIVATE_EXTERN = NO;
				GCC_WARN_64_TO_32_BIT_CONVERSION = YES;
				GCC_WARN_ABOUT_RETURN_TYPE = YES_ERROR;
				GCC_WARN_UNDECLARED_SELECTOR = YES;
				GCC_WARN_UNINITIALIZED_AUTOS = YES_AGGRESSIVE;
				GCC_WARN_UNUSED_FUNCTION = YES;
				GCC_WARN_UNUSED_VARIABLE = YES;
				IPHONEOS_DEPLOYMENT_TARGET = 7.1;
				ONLY_ACTIVE_ARCH = YES;
				SDKROOT = iphoneos;
				TARGETED_DEVICE_FAMILY = "1,2";
			};
			name = Debug;
		};
		9399A1D519E5F4FB00DB1E13 /* Release */ = {
			isa = XCBuildConfiguration;
			buildSettings = {
				ALWAYS_SEARCH_USER_PATHS = NO;
				CLANG_CXX_LANGUAGE_STANDARD = "gnu++0x";
				CLANG_CXX_LIBRARY = "libc++";
				CLANG_ENABLE_MODULES = YES;
				CLANG_ENABLE_OBJC_ARC = YES;
				CLANG_WARN_BOOL_CONVERSION = YES;
				CLANG_WARN_CONSTANT_CONVERSION = YES;
				CLANG_WARN_DIRECT_OBJC_ISA_USAGE = YES_ERROR;
				CLANG_WARN_EMPTY_BODY = YES;
				CLANG_WARN_ENUM_CONVERSION = YES;
				CLANG_WARN_INT_CONVERSION = YES;
				CLANG_WARN_OBJC_ROOT_CLASS = YES_ERROR;
				CLANG_WARN__DUPLICATE_METHOD_MATCH = YES;
				"CODE_SIGN_IDENTITY[sdk=iphoneos*]" = "iPhone Developer";
				COPY_PHASE_STRIP = YES;
				ENABLE_NS_ASSERTIONS = NO;
				GCC_C_LANGUAGE_STANDARD = gnu99;
				GCC_WARN_64_TO_32_BIT_CONVERSION = YES;
				GCC_WARN_ABOUT_RETURN_TYPE = YES_ERROR;
				GCC_WARN_UNDECLARED_SELECTOR = YES;
				GCC_WARN_UNINITIALIZED_AUTOS = YES_AGGRESSIVE;
				GCC_WARN_UNUSED_FUNCTION = YES;
				GCC_WARN_UNUSED_VARIABLE = YES;
				IPHONEOS_DEPLOYMENT_TARGET = 7.1;
				SDKROOT = iphoneos;
				TARGETED_DEVICE_FAMILY = "1,2";
				VALIDATE_PRODUCT = YES;
			};
			name = Release;
		};
		9399A1D719E5F4FB00DB1E13 /* Debug */ = {
			isa = XCBuildConfiguration;
			buildSettings = {
				ASSETCATALOG_COMPILER_APPICON_NAME = AppIcon;
				ASSETCATALOG_COMPILER_LAUNCHIMAGE_NAME = LaunchImage;
				GCC_PRECOMPILE_PREFIX_HEADER = YES;
				GCC_PREFIX_HEADER = "FELeaderboard/FELeaderboard-Prefix.pch";
				INFOPLIST_FILE = "FELeaderboard/FELeaderboard-Info.plist";
				PRODUCT_NAME = "$(TARGET_NAME)";
				WRAPPER_EXTENSION = app;
			};
			name = Debug;
		};
		9399A1D819E5F4FB00DB1E13 /* Release */ = {
			isa = XCBuildConfiguration;
			buildSettings = {
				ASSETCATALOG_COMPILER_APPICON_NAME = AppIcon;
				ASSETCATALOG_COMPILER_LAUNCHIMAGE_NAME = LaunchImage;
				GCC_PRECOMPILE_PREFIX_HEADER = YES;
				GCC_PREFIX_HEADER = "FELeaderboard/FELeaderboard-Prefix.pch";
				INFOPLIST_FILE = "FELeaderboard/FELeaderboard-Info.plist";
				PRODUCT_NAME = "$(TARGET_NAME)";
				WRAPPER_EXTENSION = app;
			};
			name = Release;
		};
		9399A1DA19E5F4FB00DB1E13 /* Debug */ = {
			isa = XCBuildConfiguration;
			buildSettings = {
				BUNDLE_LOADER = "$(BUILT_PRODUCTS_DIR)/FELeaderboard.app/FELeaderboard";
				FRAMEWORK_SEARCH_PATHS = (
					"$(SDKROOT)/Developer/Library/Frameworks",
					"$(inherited)",
					"$(DEVELOPER_FRAMEWORKS_DIR)",
				);
				GCC_PRECOMPILE_PREFIX_HEADER = YES;
				GCC_PREFIX_HEADER = "FELeaderboard/FELeaderboard-Prefix.pch";
				GCC_PREPROCESSOR_DEFINITIONS = (
					"DEBUG=1",
					"$(inherited)",
				);
				INFOPLIST_FILE = "FELeaderboardTests/FELeaderboardTests-Info.plist";
				PRODUCT_NAME = "$(TARGET_NAME)";
				TEST_HOST = "$(BUNDLE_LOADER)";
				WRAPPER_EXTENSION = xctest;
			};
			name = Debug;
		};
		9399A1DB19E5F4FB00DB1E13 /* Release */ = {
			isa = XCBuildConfiguration;
			buildSettings = {
				BUNDLE_LOADER = "$(BUILT_PRODUCTS_DIR)/FELeaderboard.app/FELeaderboard";
				FRAMEWORK_SEARCH_PATHS = (
					"$(SDKROOT)/Developer/Library/Frameworks",
					"$(inherited)",
					"$(DEVELOPER_FRAMEWORKS_DIR)",
				);
				GCC_PRECOMPILE_PREFIX_HEADER = YES;
				GCC_PREFIX_HEADER = "FELeaderboard/FELeaderboard-Prefix.pch";
				INFOPLIST_FILE = "FELeaderboardTests/FELeaderboardTests-Info.plist";
				PRODUCT_NAME = "$(TARGET_NAME)";
				TEST_HOST = "$(BUNDLE_LOADER)";
				WRAPPER_EXTENSION = xctest;
			};
			name = Release;
		};
/* End XCBuildConfiguration section */

/* Begin XCConfigurationList section */
		9399A1A519E5F4FB00DB1E13 /* Build configuration list for PBXProject "FELeaderboard" */ = {
			isa = XCConfigurationList;
			buildConfigurations = (
				9399A1D419E5F4FB00DB1E13 /* Debug */,
				9399A1D519E5F4FB00DB1E13 /* Release */,
			);
			defaultConfigurationIsVisible = 0;
			defaultConfigurationName = Release;
		};
		9399A1D619E5F4FB00DB1E13 /* Build configuration list for PBXNativeTarget "FELeaderboard" */ = {
			isa = XCConfigurationList;
			buildConfigurations = (
				9399A1D719E5F4FB00DB1E13 /* Debug */,
				9399A1D819E5F4FB00DB1E13 /* Release */,
			);
			defaultConfigurationIsVisible = 0;
			defaultConfigurationName = Release;
		};
		9399A1D919E5F4FB00DB1E13 /* Build configuration list for PBXNativeTarget "FELeaderboardTests" */ = {
			isa = XCConfigurationList;
			buildConfigurations = (
				9399A1DA19E5F4FB00DB1E13 /* Debug */,
				9399A1DB19E5F4FB00DB1E13 /* Release */,
			);
			defaultConfigurationIsVisible = 0;
			defaultConfigurationName = Release;
		};
/* End XCConfigurationList section */
	};
	rootObject = 9399A1A219E5F4FB00DB1E13 /* Project object */;
}
